{
  "name": "npm_install",
  "version": "1.0.0",
  "lockfileVersion": 1,
  "requires": true,
  "dependencies": {
    "brython": {
      "version": "3.8.9",
      "resolved": "https://registry.npmjs.org/brython/-/brython-3.8.9.tgz",
      "integrity": "sha512-iSY5r3Mev+L6HhoTkS93j0r4qzyXRdx8eexSum217cK4dIfA312nYcdCyAETvmKpHBCIVOw0skRs4peb4yQxqQ=="
    }
  }
}
