version = 1
revision = 3
requires-python = ">=3.14"

[[package]]
name = "annotated-types"
version = "0.8.0"
source = { registry = "https://pypi.org/simple" }
sdist = { url = "https://files.pythonhosted.org/packages/5f/56/a8120250d128bed162cd73c76d45f6ef9991f3e068f62a8ee060afa3104a/annotated_types-0.8.0.tar.gz", hash = "sha256:13b2beaad985e05e2d6407ee4c4f35590b11f8d693a258a561055cac8f64cab7", size = 15893, upload-time = "2026-07-23T20:16:13.995Z" }
wheels = [
    { url = "https://files.pythonhosted.org/packages/99/91/8acff4f5e50511b911bbccb72b8628a49c68ce14148cd9f6431094859a90/annotated_types-0.8.0-py3-none-any.whl", hash = "sha256:f072f4d804ea359e4eaf198b1af7a8b0943881a87f31bb764f8bf219bb9419e0", size = 13427, upload-time = "2026-07-23T20:16:12.938Z" },
]

[[package]]
name = "anyio"
version = "4.15.1"
source = { registry = "https://pypi.org/simple" }
dependencies = [
    { name = "idna" },
    { name = "typing-extensions", marker = "python_full_version < '3.15'" },
]
sdist = { url = "https://files.pythonhosted.org/packages/a9/d2/f4d173e22df740bc37b1db102b386ba719b66e95b0f0d751f556b387e6d2/anyio-4.15.1.tar.gz", hash = "sha256:9f28306018cbd6d329e64a36d58256edff76dd996fe423bc957326e578b82a94", size = 276966, upload-time = "2026-09-05T10:42:39.44Z" }
wheels = [
    { url = "https://files.pythonhosted.org/packages/12/b8/4bd346e22b28902df4d651910f5242c28d84e4a5c2435ca5c3f797ed7e2e/anyio-4.15.1-py3-none-any.whl", hash = "sha256:6152fdbbf9a77fdec97731721bebf7c4c44f7c29b424b0065826173efc7ed101", size = 132079, upload-time = "2026-09-05T10:42:37.923Z" },
]

[[package]]
name = "h11"
version = "0.16.0"
source = { registry = "https://pypi.org/simple" }
sdist = { url = "https://files.pythonhosted.org/packages/01/ee/02a2c011bdab74c6fb3c75474d40b3052059d95df7e73351460c8588d963/h11-0.16.0.tar.gz", hash = "sha256:4e35b956cf45792e4caa5885e69fba00bdbc6ffafbfa020300e549b208ee5ff1", size = 101250, upload-time = "2025-04-24T03:35:25.427Z" }
wheels = [
    { url = "https://files.pythonhosted.org/packages/04/4b/29cac41a4d98d144bf5f6d33995617b185d14b22401f75ca86f384e87ff1/h11-0.16.0-py3-none-any.whl", hash = "sha256:63cf8bbe7522de3bf65932fda1d9c2772064ffb3dae62d55932da54b31cb6c86", size = 37515, upload-time = "2025-04-24T03:35:24.344Z" },
]

[[package]]
name = "hello-jev"
version = "0.1.0"
source = { virtual = "." }
dependencies = [
    { name = "typesafe-sdk" },
]

[package.metadata]
requires-dist = [{ name = "typesafe-sdk", specifier = ">=0.7.0" }]

[[package]]
name = "httpcore2"
version = "2.13.0"
source = { registry = "https://pypi.org/simple" }
dependencies = [
    { name = "h11" },
    { name = "truststore" },
]
sdist = { url = "https://files.pythonhosted.org/packages/15/8c/e925b1c92018abb3a1863ce1549d76d2381e334d21d65d4ac8f65dabd78a/httpcore2-2.13.0.tar.gz", hash = "sha256:2adc8be4fb285fbcd6d894298db3b52c177e74b6674eda3a76bd36be3292a3db", size = 67740, upload-time = "2026-09-14T14:18:04.717Z" }
wheels = [
    { url = "https://files.pythonhosted.org/packages/7e/0d/117a771a2bb91df334b66bf4da14cd02f21aefbcfe53180f336ce55e8f90/httpcore2-2.13.0-py3-none-any.whl", hash = "sha256:35ae5be347aa40467b4a5dc032ac67ebb6d27189fc97e8cebcf99616f6a1bb9e", size = 83162, upload-time = "2026-09-14T14:18:02.529Z" },
]

[[package]]
name = "httpx2"
version = "2.13.0"
source = { registry = "https://pypi.org/simple" }
dependencies = [
    { name = "anyio", marker = "sys_platform != 'emscripten'" },
    { name = "httpcore2", marker = "sys_platform != 'emscripten'" },
    { name = "httpx2-jsfetch", marker = "sys_platform == 'emscripten'" },
    { name = "idna" },
    { name = "truststore", marker = "sys_platform != 'emscripten'" },
]
sdist = { url = "https://files.pythonhosted.org/packages/b9/a0/e9deef4654132857b5a5dbe4eddd0ac59c2814500e11f2f5044cd81103ee/httpx2-2.13.0.tar.gz", hash = "sha256:81bd07dc67a3701729ef1f777a3c00c915d4539604fdb5afd327f8682f6b7b44", size = 100290, upload-time = "2026-09-14T14:18:05.486Z" }
wheels = [
    { url = "https://files.pythonhosted.org/packages/fe/d1/a0c72b0e006df654709fbc366cc5bcb53e5aee13e1e3395152c6dd293376/httpx2-2.13.0-py3-none-any.whl", hash = "sha256:fc12720cedf72faa26cca6b4ca394e05c894e7d7933fc45cafe767960804e49a", size = 95565, upload-time = "2026-09-14T14:18:03.553Z" },
]

[[package]]
name = "httpx2-jsfetch"
version = "1.0"
source = { registry = "https://pypi.org/simple" }
sdist = { url = "https://files.pythonhosted.org/packages/cd/c4/0e5636363151a2a1795e0a77617168b9ca438e1748ec05fc9b5687f93d64/httpx2_jsfetch-1.0.tar.gz", hash = "sha256:70a0e3eabfef7cce5ad9c629f7d01ca05e418f586646f4ddf14782e4c1454c60", size = 6872, upload-time = "2026-08-07T00:13:07.492Z" }
wheels = [
    { url = "https://files.pythonhosted.org/packages/9b/43/832f631d32e4f1211caa2ba368317739fe71f0b8530e4c9d15dc454bac2a/httpx2_jsfetch-1.0-py3-none-any.whl", hash = "sha256:cb916b707601e69a07721aabc8f3f6659be3a6893bc1ff5c6f9e02241df2da32", size = 6382, upload-time = "2026-08-07T00:13:06.567Z" },
]

[[package]]
name = "idna"
version = "3.20"
source = { registry = "https://pypi.org/simple" }
sdist = { url = "https://files.pythonhosted.org/packages/f5/08/8eea9d4b8302028f3abb2c0813953f7aec26d33b7a8960ed760e65ff29fa/idna-3.20.tar.gz", hash = "sha256:a7db850025b95ded1eae8a46181a1a6c56c92c96f0e2b005d9ff8dc0210cab44", size = 216463, upload-time = "2026-09-17T14:11:04.752Z" }
wheels = [
    { url = "https://files.pythonhosted.org/packages/58/a2/bb081bab032533a855d44de1d56f8e8426114ff1ba5d1f07a438a0a654f8/idna-3.20-py3-none-any.whl", hash = "sha256:ab7ae7122974553370f0bdb919e1a960b2cd1bc1ef0276416d896db81c14582c", size = 69583, upload-time = "2026-09-17T14:11:03.168Z" },
]

[[package]]
name = "pydantic"
version = "2.13.5"
source = { registry = "https://pypi.org/simple" }
dependencies = [
    { name = "annotated-types" },
    { name = "pydantic-core" },
    { name = "typing-extensions" },
    { name = "typing-inspection" },
]
sdist = { url = "https://files.pythonhosted.org/packages/53/ef/fc4f868f4e2cee79f863883abffceff107875f569b848507319842d2a681/pydantic-2.13.5.tar.gz", hash = "sha256:51a9c5f7b2f8e636f04c6cada605d9b6a3bf1348fdf945a3d8869b19bba0ee08", size = 845750, upload-time = "2026-08-28T14:04:00.916Z" }
wheels = [
    { url = "https://files.pythonhosted.org/packages/eb/47/c95ffc2009878c7aac0c5e08528022dcb885933252a88b5f170058014464/pydantic-2.13.5-py3-none-any.whl", hash = "sha256:346a034f080da3755d8e9cb5e00e8b07de1d39e4f6e2c87d8ab7cafa0b269a73", size = 472589, upload-time = "2026-08-28T14:03:59.136Z" },
]

[[package]]
name = "pydantic-core"
version = "2.46.5"
source = { registry = "https://pypi.org/simple" }
dependencies = [
    { name = "typing-extensions" },
]
sdist = { url = "https://files.pythonhosted.org/packages/af/f9/8a06bea35ef8daf588f707784c973a7046e0034c8d8cfb08828eeffb8b75/pydantic_core-2.46.5.tar.gz", hash = "sha256:10416c15b8839ecc4ef4d0885da76da6fd0f67333a0eb8aff6d93c4b8f2910fc", size = 472262, upload-time = "2026-08-28T10:01:31.677Z" }
wheels = [
    { url = "https://files.pythonhosted.org/packages/8e/8a/14596f2a8367da50cf7cbac48169ee5d9c8e11d486a3b527082384630c72/pydantic_core-2.46.5-cp314-cp314-macosx_10_12_x86_64.whl", hash = "sha256:c1c43ad4339643d70ebb8124e1305a7dab423001eff58bb41a0f731adbc98355", size = 2074081, upload-time = "2026-08-28T09:59:16.141Z" },
    { url = "https://files.pythonhosted.org/packages/ae/d5/d8a4eb6d6c7f66b91dd37c576d76e9e60fba900caf5372c17bcf949febc2/pydantic_core-2.46.5-cp314-cp314-macosx_11_0_arm64.whl", hash = "sha256:1a353f84de772f423b5ffb11d7ae352fbbef0f446f3c0b0af0f8236d7233606e", size = 1920497, upload-time = "2026-08-28T09:59:18.065Z" },
    { url = "https://files.pythonhosted.org/packages/8e/26/092079428f86e927e030b2c0ced87df69dbb1c875cdeaa67bf42ea2be746/pydantic_core-2.46.5-cp314-cp314-manylinux_2_17_aarch64.manylinux2014_aarch64.whl", hash = "sha256:5086029a57366b8cf81b130a43908738095c270c21a8d7f0e8bdfdb89718e2f3", size = 1952130, upload-time = "2026-08-28T09:59:20.476Z" },
    { url = "https://files.pythonhosted.org/packages/08/c3/8ec0e290a9ebaebd64047bf5fda94be835c6b1551b02437e4b76778fbcd7/pydantic_core-2.46.5-cp314-cp314-manylinux_2_17_armv7l.manylinux2014_armv7l.whl", hash = "sha256:46c25dda9d092a06c08db76ffe0a197107904d0dfac653f7d5306bbcd6d6119c", size = 2026371, upload-time = "2026-08-28T09:59:22.227Z" },
    { url = "https://files.pythonhosted.org/packages/01/72/4fd20ad520fb8da0157f95b27a7eb05a72790ef08138e7701ac972c342ea/pydantic_core-2.46.5-cp314-cp314-manylinux_2_17_ppc64le.manylinux2014_ppc64le.whl", hash = "sha256:37ea7b83c935e5b0d68c9449b82651accf78a10828b2c02b2f2d9e9496446c21", size = 2202822, upload-time = "2026-08-28T09:59:24.277Z" },
    { url = "https://files.pythonhosted.org/packages/31/b0/d16e0771206b29314f0d52198b720be21e8a99ab2bf11e3bc0d7c9cebdff/pydantic_core-2.46.5-cp314-cp314-manylinux_2_17_s390x.manylinux2014_s390x.whl", hash = "sha256:e64e88d5585bea9ce95861079de72006c7fa6d3df4e3a3b65ba31eb979c15c9f", size = 2262756, upload-time = "2026-08-28T09:59:26.608Z" },
    { url = "https://files.pythonhosted.org/packages/2c/9b/59634b7ac631c63b2a37760eb6943af3e29573d6b59a4abc5e7f019d4cee/pydantic_core-2.46.5-cp314-cp314-manylinux_2_17_x86_64.manylinux2014_x86_64.whl", hash = "sha256:54d510bac3ee52247af28ed4bb18a1e799f040ac60fd2bf5ccd4c92f1fbe786f", size = 2068352, upload-time = "2026-08-28T09:59:29.044Z" },
    { url = "https://files.pythonhosted.org/packages/08/7c/570abb1ad2155348dc754ea91be22e5aaa18eb6d69a6068f7c6f2679a6ed/pydantic_core-2.46.5-cp314-cp314-manylinux_2_31_riscv64.whl", hash = "sha256:a2a5e1d0ff29adddc9f6d6821a66302e4493f8ca898b715b6b1182c2c201ea0a", size = 2104777, upload-time = "2026-08-28T09:59:30.95Z" },
    { url = "https://files.pythonhosted.org/packages/8e/25/5bf74adc65a1ac5b7be3f6cb0bcb5433615c1598a801c19d830d84c98ded/pydantic_core-2.46.5-cp314-cp314-manylinux_2_5_i686.manylinux1_i686.whl", hash = "sha256:03b9666e41e35d8909852ba191a0607520f81b74eaf12ccf8737005dbb313821", size = 2156312, upload-time = "2026-08-28T09:59:32.604Z" },
    { url = "https://files.pythonhosted.org/packages/90/6a/2ef38830675e050121040618135564ed56b860b45433b02d9b4ebece46f3/pydantic_core-2.46.5-cp314-cp314-musllinux_1_1_aarch64.whl", hash = "sha256:a91c17edf6eea2402cb5457b4c89e99bc5ed1004aa34c4adf1d4258c1a5c22c2", size = 2150067, upload-time = "2026-08-28T09:59:34.453Z" },
    { url = "https://files.pythonhosted.org/packages/90/ef/a7dbb03a14a64c2a4621f989c615ed9a892535a6cad938fc27079f919d80/pydantic_core-2.46.5-cp314-cp314-musllinux_1_1_armv7l.whl", hash = "sha256:b49924c73a235e969511bf2aabdff3beebf9820931f646c80274d5d780010c47", size = 2304516, upload-time = "2026-08-28T09:59:36.194Z" },
    { url = "https://files.pythonhosted.org/packages/68/f8/6bb4c4b80e8a6fde1904c64a51c62a1d04fcdfa3ea521a66b2ddefa1d885/pydantic_core-2.46.5-cp314-cp314-musllinux_1_1_x86_64.whl", hash = "sha256:2cbd9a5eff05e51c447c34dfa4632145b26b09120cf04bd0c871e44c1a5e1c9a", size = 2335223, upload-time = "2026-08-28T09:59:37.931Z" },
    { url = "https://files.pythonhosted.org/packages/2a/80/f46b8c681195190b2c1f1c7c0a81abce60663e987613e09ef64d433dd96b/pydantic_core-2.46.5-cp314-cp314-win32.whl", hash = "sha256:2d5d76654becf5efd62c9e51c3756c67b49498b0c9a40884934c40807adbd074", size = 1934827, upload-time = "2026-08-28T09:59:39.836Z" },
    { url = "https://files.pythonhosted.org/packages/f7/3c/60674207246bc0a4009d2391b7c7251c7159f279c8d2ab8aae8ef46f3dee/pydantic_core-2.46.5-cp314-cp314-win_amd64.whl", hash = "sha256:fa10ef4112775900e7a0661068635eb67b2ab824fbde764de6e0e21982a93db0", size = 2042648, upload-time = "2026-08-28T09:59:41.792Z" },
    { url = "https://files.pythonhosted.org/packages/69/0c/117c562c7c1babdf44576b72a5e496906506c93690387ecfbca7c729ae2e/pydantic_core-2.46.5-cp314-cp314-win_arm64.whl", hash = "sha256:045ab3b6d308439e32b81cc173bba5b9018bc6ed896afd0c65b3b009b1699af5", size = 1989652, upload-time = "2026-08-28T09:59:43.702Z" },
    { url = "https://files.pythonhosted.org/packages/e8/66/9336ae58f9eb68c41d121894e52c4c89eccb07eb8f602a04ee9c3f37736a/pydantic_core-2.46.5-cp314-cp314t-macosx_10_12_x86_64.whl", hash = "sha256:8816f3d218beb4b787de5c9759c259b8fa61f9dec42dc7811f320a33771778b7", size = 2065829, upload-time = "2026-08-28T09:59:45.364Z" },
    { url = "https://files.pythonhosted.org/packages/c5/02/bc19b47a96c2d3109760711acf22369e56bd7e405ca52f7ade164d2ead57/pydantic_core-2.46.5-cp314-cp314t-macosx_11_0_arm64.whl", hash = "sha256:bce57638e08ac148e5778cce7feb968307a727d66f8e2274a543d0cf0c9ad6a3", size = 1905716, upload-time = "2026-08-28T09:59:47.18Z" },
    { url = "https://files.pythonhosted.org/packages/52/a4/70b47c0509923dd98ccfed04fb3e32ea3849c82a0ff2205bb41009b43c00/pydantic_core-2.46.5-cp314-cp314t-manylinux_2_17_aarch64.manylinux2014_aarch64.whl", hash = "sha256:976e1128455aa595ea04c79ccfedff1aaeab96ee013fcc916bed120c4f0ad94f", size = 1934216, upload-time = "2026-08-28T09:59:49.241Z" },
    { url = "https://files.pythonhosted.org/packages/52/ab/aa03b65f7bb198585edf806b906c3223ecf1795543e39e23aec4cce27ad2/pydantic_core-2.46.5-cp314-cp314t-manylinux_2_17_armv7l.manylinux2014_armv7l.whl", hash = "sha256:e7b891faeedeafba41b2983e5001a81b6a915b69544c7e7570d1989ce1c36ac7", size = 2010635, upload-time = "2026-08-28T09:59:51.692Z" },
    { url = "https://files.pythonhosted.org/packages/3c/8b/0da06343f30b84ec549aafd309c6456223d5dc8bd36af504c573faad561d/pydantic_core-2.46.5-cp314-cp314t-manylinux_2_17_ppc64le.manylinux2014_ppc64le.whl", hash = "sha256:5f194189415698233dd1114a093a9b56e61e2c57e11b469be3b0506f46f0771c", size = 2209369, upload-time = "2026-08-28T09:59:53.582Z" },
    { url = "https://files.pythonhosted.org/packages/d6/5b/844c4defaa34a3df66eb9257087d121d70c201298b96abdf9f492fc2f1bf/pydantic_core-2.46.5-cp314-cp314t-manylinux_2_17_s390x.manylinux2014_s390x.whl", hash = "sha256:82a36973cf8a2ef5406f4fe2edbf8ed0c99629535d959e0b100c76a32535a111", size = 2253238, upload-time = "2026-08-28T09:59:55.484Z" },
    { url = "https://files.pythonhosted.org/packages/f4/64/a4e536cb16d7f61a7fd3120b46c577fc7fa7325992f69c4f52bc786d77d8/pydantic_core-2.46.5-cp314-cp314t-manylinux_2_17_x86_64.manylinux2014_x86_64.whl", hash = "sha256:cdbb78909f52b981d3b2d56b97328d71eb0b974c36bd77c920123a7ebb192829", size = 2065740, upload-time = "2026-08-28T09:59:58.038Z" },
    { url = "https://files.pythonhosted.org/packages/5f/75/aaa38c6bc2d085f6605b34eabdc6a8a4e0b2e61fc9c8e6e52b28e97b3125/pydantic_core-2.46.5-cp314-cp314t-manylinux_2_31_riscv64.whl", hash = "sha256:52e24eacdb536cade636aa90fb851835222becff8484b7001fdc78cb0290f2aa", size = 2087425, upload-time = "2026-08-28T09:59:59.898Z" },
    { url = "https://files.pythonhosted.org/packages/55/ae/fcab4cfc39aba3689e1d20c8b5250ad280957022c09af2ed9cd585602a5e/pydantic_core-2.46.5-cp314-cp314t-manylinux_2_5_i686.manylinux1_i686.whl", hash = "sha256:37ae34309d7bd8c0d61ab839668058f2a7962ea1fc51d105d2db228fe0618034", size = 2139306, upload-time = "2026-08-28T10:00:03.057Z" },
    { url = "https://files.pythonhosted.org/packages/2d/f4/f1d03a4bc9d9acbc62f4d742b8a319af52f71885079868b2ff8e48a651ee/pydantic_core-2.46.5-cp314-cp314t-musllinux_1_1_aarch64.whl", hash = "sha256:0cdbada856a1c69a7624a64d3d9aefe79300bd6ef827b43a4f265010b9b55184", size = 2144589, upload-time = "2026-08-28T10:00:05.645Z" },
    { url = "https://files.pythonhosted.org/packages/83/f3/7a53bb1356de514a4cd295f25b6ac39237895620c0462d2592b76c16e114/pydantic_core-2.46.5-cp314-cp314t-musllinux_1_1_armv7l.whl", hash = "sha256:545f26c504b27c3758439a5e6d9349931f0a04f855668d5fe323c89e82300a38", size = 2288882, upload-time = "2026-08-28T10:00:07.931Z" },
    { url = "https://files.pythonhosted.org/packages/cd/94/5a81583660c175c59d49ffb09f4b3a44debeaf86a19fca664ae1cdd9ee32/pydantic_core-2.46.5-cp314-cp314t-musllinux_1_1_x86_64.whl", hash = "sha256:ff218293c9c806138dca139765e3b067621be52bcd93cdc14c7711be7ddc90a9", size = 2335210, upload-time = "2026-08-28T10:00:10.177Z" },
    { url = "https://files.pythonhosted.org/packages/5a/9f/5d685c2693b972d1a59c998586e8823712b66603aeff47ee60a4bdaafd37/pydantic_core-2.46.5-cp314-cp314t-win32.whl", hash = "sha256:97cf3eb53a8cccacf9d46686a0926186c9bfb5574f2ed66d3639d5fe117cd3a9", size = 1921180, upload-time = "2026-08-28T10:00:12.35Z" },
    { url = "https://files.pythonhosted.org/packages/70/12/5c94ee16d65a37a15f9e869f5e6256df111154491173801a4c5e800ab548/pydantic_core-2.46.5-cp314-cp314t-win_amd64.whl", hash = "sha256:d2f9fc07a8042a8f95925b35c4f04f469707c981fc33245b6ca187cf5d2dd290", size = 2020515, upload-time = "2026-08-28T10:00:14.774Z" },
    { url = "https://files.pythonhosted.org/packages/63/19/67830dda664e6bdf9285ee2e40f355d0d7d6b92aa0c42e8d217bb8d33d36/pydantic_core-2.46.5-cp314-cp314t-win_arm64.whl", hash = "sha256:acf8a67ba51f4ca9ddbd0e6b3000a65ac51ab734661778b3e7ba64d99a710f2f", size = 1989276, upload-time = "2026-08-28T10:00:16.984Z" },
]

[[package]]
name = "tenacity"
version = "9.1.4"
source = { registry = "https://pypi.org/simple" }
sdist = { url = "https://files.pythonhosted.org/packages/47/c6/ee486fd809e357697ee8a44d3d69222b344920433d3b6666ccd9b374630c/tenacity-9.1.4.tar.gz", hash = "sha256:adb31d4c263f2bd041081ab33b498309a57c77f9acf2db65aadf0898179cf93a", size = 49413, upload-time = "2026-02-07T10:45:33.841Z" }
wheels = [
    { url = "https://files.pythonhosted.org/packages/d7/c1/eb8f9debc45d3b7918a32ab756658a0904732f75e555402972246b0b8e71/tenacity-9.1.4-py3-none-any.whl", hash = "sha256:6095a360c919085f28c6527de529e76a06ad89b23659fa881ae0649b867a9d55", size = 28926, upload-time = "2026-02-07T10:45:32.24Z" },
]

[[package]]
name = "truststore"
version = "0.10.4"
source = { registry = "https://pypi.org/simple" }
sdist = { url = "https://files.pythonhosted.org/packages/53/a3/1585216310e344e8102c22482f6060c7a6ea0322b63e026372e6dcefcfd6/truststore-0.10.4.tar.gz", hash = "sha256:9d91bd436463ad5e4ee4aba766628dd6cd7010cf3e2461756b3303710eebc301", size = 26169, upload-time = "2025-08-12T18:49:02.73Z" }
wheels = [
    { url = "https://files.pythonhosted.org/packages/19/97/56608b2249fe206a67cd573bc93cd9896e1efb9e98bce9c163bcdc704b88/truststore-0.10.4-py3-none-any.whl", hash = "sha256:adaeaecf1cbb5f4de3b1959b42d41f6fab57b2b1666adb59e89cb0b53361d981", size = 18660, upload-time = "2025-08-12T18:49:01.46Z" },
]

[[package]]
name = "typesafe-sdk"
version = "0.7.0"
source = { registry = "https://pypi.org/simple" }
dependencies = [
    { name = "httpx2" },
    { name = "pydantic" },
    { name = "pydantic-core" },
    { name = "tenacity" },
    { name = "typing-extensions" },
]
sdist = { url = "https://files.pythonhosted.org/packages/28/e2/ac317772d4d5cfabf3cecdeacd83cc838523e240bb4e1cf256837e6005bb/typesafe_sdk-0.7.0.tar.gz", hash = "sha256:930d42fd73cfed6f25bccae488ce0f30f6043eaedd8682ef59734e79ab94a876", size = 22235, upload-time = "2026-09-18T09:12:30.846Z" }
wheels = [
    { url = "https://files.pythonhosted.org/packages/d3/2a/16f4163e6d8827ef80b2ed7a400c80688e1ebf571c10f143f792bdafc654/typesafe_sdk-0.7.0-py3-none-any.whl", hash = "sha256:c6d2257c4b04b8d4d81cff2b55489b4188795fd44fb40b9cef26ff243b2d1080", size = 35352, upload-time = "2026-09-18T09:12:29.625Z" },
]

[[package]]
name = "typing-extensions"
version = "4.16.0"
source = { registry = "https://pypi.org/simple" }
sdist = { url = "https://files.pythonhosted.org/packages/f6/cc/6253133b5bb138fc3306cebfbda2c520f545d36b5be2c7255cc528bb45d6/typing_extensions-4.16.0.tar.gz", hash = "sha256:dc983d19a509c94dba722ee6abd33940f7c05a89e243c47e907eb4db6f1a43e5", size = 113555, upload-time = "2026-07-02T08:40:05.92Z" }
wheels = [
    { url = "https://files.pythonhosted.org/packages/49/d3/b8441a820a491ddfc024b0b0cf0393375b75ea13866d9c66727e54c2fc80/typing_extensions-4.16.0-py3-none-any.whl", hash = "sha256:481caa481374e813c1b176ada14e97f1f67a4539ce9cfeb3f350d78d6370c2e8", size = 45571, upload-time = "2026-07-02T08:40:04.659Z" },
]

[[package]]
name = "typing-inspection"
version = "0.4.4"
source = { registry = "https://pypi.org/simple" }
dependencies = [
    { name = "typing-extensions" },
]
sdist = { url = "https://files.pythonhosted.org/packages/a3/26/b09b8010994eccc3c09092e6b34058f36a460eea2d4c3e8b910c695975a0/typing_inspection-0.4.4.tar.gz", hash = "sha256:547274fa6b0a561ccf549cc9524b999a578e737d015d8709d021f9d0d13bea47", size = 76928, upload-time = "2026-08-12T12:37:25.997Z" }
wheels = [
    { url = "https://files.pythonhosted.org/packages/67/81/4add07e5172b7ac40d8ed5ff580409a7801a4fe26d529bdd915401dabfbe/typing_inspection-0.4.4-py3-none-any.whl", hash = "sha256:65b8397ba37ccbce054456aaccddfc91e6e3083c92824df348d96ca832f3f147", size = 14750, upload-time = "2026-08-12T12:37:24.648Z" },
]
