[[package]]
category = "dev"
description = "A small Python module for determining appropriate platform-specific dirs, e.g. a \"user data dir\"."
name = "appdirs"
optional = false
python-versions = "*"
version = "1.4.3"

[[package]]
category = "main"
description = "Arcade Game Development Library"
name = "arcade"
optional = false
python-versions = ">=3.6"
version = "2.3.14"

[package.dependencies]
numpy = "*"
pillow = "*"
pyglet = "*"
pytiled-parser = "*"

[[package]]
category = "dev"
description = "Atomic file writes."
name = "atomicwrites"
optional = false
python-versions = ">=2.7, !=3.0.*, !=3.1.*, !=3.2.*, !=3.3.*"
version = "1.3.0"

[[package]]
category = "main"
description = "Classes Without Boilerplate"
name = "attrs"
optional = false
python-versions = ">=2.7, !=3.0.*, !=3.1.*, !=3.2.*, !=3.3.*"
version = "19.3.0"

[package.extras]
azure-pipelines = ["coverage", "hypothesis", "pympler", "pytest (>=4.3.0)", "six", "zope.interface", "pytest-azurepipelines"]
dev = ["coverage", "hypothesis", "pympler", "pytest (>=4.3.0)", "six", "zope.interface", "sphinx", "pre-commit"]
docs = ["sphinx", "zope.interface"]
tests = ["coverage", "hypothesis", "pympler", "pytest (>=4.3.0)", "six", "zope.interface"]

[[package]]
category = "dev"
description = "The uncompromising code formatter."
name = "black"
optional = false
python-versions = ">=3.6"
version = "19.10b0"

[package.dependencies]
appdirs = "*"
attrs = ">=18.1.0"
click = ">=6.5"
pathspec = ">=0.6,<1"
regex = "*"
toml = ">=0.9.4"
typed-ast = ">=1.4.0"

[package.extras]
d = ["aiohttp (>=3.3.2)", "aiohttp-cors"]

[[package]]
category = "dev"
description = "Composable command line interface toolkit"
name = "click"
optional = false
python-versions = ">=2.7, !=3.0.*, !=3.1.*, !=3.2.*, !=3.3.*, !=3.4.*"
version = "7.1.1"

[[package]]
category = "dev"
description = "Cross-platform colored terminal text."
marker = "sys_platform == \"win32\""
name = "colorama"
optional = false
python-versions = ">=2.7, !=3.0.*, !=3.1.*, !=3.2.*, !=3.3.*, !=3.4.*"
version = "0.4.3"

[[package]]
category = "dev"
description = "Discover and load entry points from installed packages."
name = "entrypoints"
optional = false
python-versions = ">=2.7"
version = "0.3"

[[package]]
category = "dev"
description = "the modular source code checker: pep8, pyflakes and co"
name = "flake8"
optional = false
python-versions = ">=2.7, !=3.0.*, !=3.1.*, !=3.2.*, !=3.3.*"
version = "3.7.9"

[package.dependencies]
entrypoints = ">=0.3.0,<0.4.0"
mccabe = ">=0.6.0,<0.7.0"
pycodestyle = ">=2.5.0,<2.6.0"
pyflakes = ">=2.1.0,<2.2.0"

[[package]]
category = "dev"
description = "Read metadata from Python packages"
marker = "python_version < \"3.8\""
name = "importlib-metadata"
optional = false
python-versions = "!=3.0.*,!=3.1.*,!=3.2.*,!=3.3.*,!=3.4.*,>=2.7"
version = "1.6.0"

[package.dependencies]
zipp = ">=0.5"

[package.extras]
docs = ["sphinx", "rst.linker"]
testing = ["packaging", "importlib-resources"]

[[package]]
category = "dev"
description = "McCabe checker, plugin for flake8"
name = "mccabe"
optional = false
python-versions = "*"
version = "0.6.1"

[[package]]
category = "dev"
description = "More routines for operating on iterables, beyond itertools"
name = "more-itertools"
optional = false
python-versions = ">=3.5"
version = "8.2.0"

[[package]]
category = "main"
description = "NumPy is the fundamental package for array computing with Python."
name = "numpy"
optional = false
python-versions = ">=3.5"
version = "1.18.2"

[[package]]
category = "dev"
description = "Utility library for gitignore style pattern matching of file paths."
name = "pathspec"
optional = false
python-versions = ">=2.7, !=3.0.*, !=3.1.*, !=3.2.*, !=3.3.*, !=3.4.*"
version = "0.8.0"

[[package]]
category = "main"
description = "Python Imaging Library (Fork)"
name = "pillow"
optional = false
python-versions = ">=3.5"
version = "7.1.1"

[[package]]
category = "dev"
description = "plugin and hook calling mechanisms for python"
name = "pluggy"
optional = false
python-versions = ">=2.7, !=3.0.*, !=3.1.*, !=3.2.*, !=3.3.*"
version = "0.13.1"

[package.dependencies]
[package.dependencies.importlib-metadata]
python = "<3.8"
version = ">=0.12"

[package.extras]
dev = ["pre-commit", "tox"]

[[package]]
category = "dev"
description = "library with cross-python path, ini-parsing, io, code, log facilities"
name = "py"
optional = false
python-versions = ">=2.7, !=3.0.*, !=3.1.*, !=3.2.*, !=3.3.*"
version = "1.8.1"

[[package]]
category = "dev"
description = "Python style guide checker"
name = "pycodestyle"
optional = false
python-versions = ">=2.7, !=3.0.*, !=3.1.*, !=3.2.*, !=3.3.*"
version = "2.5.0"

[[package]]
category = "dev"
description = "passive checker of Python programs"
name = "pyflakes"
optional = false
python-versions = ">=2.7, !=3.0.*, !=3.1.*, !=3.2.*, !=3.3.*"
version = "2.1.1"

[[package]]
category = "main"
description = "Cross-platform windowing and multimedia library"
name = "pyglet"
optional = false
python-versions = "*"
version = "1.5.3"

[[package]]
category = "dev"
description = "pytest: simple powerful testing with Python"
name = "pytest"
optional = false
python-versions = ">=2.7, !=3.0.*, !=3.1.*, !=3.2.*, !=3.3.*"
version = "3.10.1"

[package.dependencies]
atomicwrites = ">=1.0"
attrs = ">=17.4.0"
colorama = "*"
more-itertools = ">=4.0.0"
pluggy = ">=0.7"
py = ">=1.5.0"
setuptools = "*"
six = ">=1.10.0"

[[package]]
category = "main"
description = "Python Library for parsing Tiled Map Editor maps."
name = "pytiled-parser"
optional = false
python-versions = "*"
version = "0.9.3"

[package.dependencies]
attrs = "*"

[[package]]
category = "dev"
description = "Alternative regular expression module, to replace re."
name = "regex"
optional = false
python-versions = "*"
version = "2020.4.4"

[[package]]
category = "dev"
description = "Python 2 and 3 compatibility utilities"
name = "six"
optional = false
python-versions = ">=2.7, !=3.0.*, !=3.1.*, !=3.2.*"
version = "1.14.0"

[[package]]
category = "dev"
description = "Python Library for Tom's Obvious, Minimal Language"
name = "toml"
optional = false
python-versions = "*"
version = "0.10.0"

[[package]]
category = "dev"
description = "a fork of Python 2 and 3 ast modules with type comment support"
name = "typed-ast"
optional = false
python-versions = "*"
version = "1.4.1"

[[package]]
category = "dev"
description = "Backport of pathlib-compatible object wrapper for zip files"
marker = "python_version < \"3.8\""
name = "zipp"
optional = false
python-versions = ">=3.6"
version = "3.1.0"

[package.extras]
docs = ["sphinx", "jaraco.packaging (>=3.2)", "rst.linker (>=1.9)"]
testing = ["jaraco.itertools", "func-timeout"]

[metadata]
content-hash = "2cad9c559dea6049398a03f2f9a3ea4cbe36ad74bb69af4f9968d12a8c1abff3"
python-versions = "^3.7"

[metadata.files]
appdirs = [
    {file = "appdirs-1.4.3-py2.py3-none-any.whl", hash = "sha256:d8b24664561d0d34ddfaec54636d502d7cea6e29c3eaf68f3df6180863e2166e"},
    {file = "appdirs-1.4.3.tar.gz", hash = "sha256:9e5896d1372858f8dd3344faf4e5014d21849c756c8d5701f78f8a103b372d92"},
]
arcade = [
    {file = "arcade-2.3.14-py2.py3-none-any.whl", hash = "sha256:bfd1cc33180f0a3e1e362990a6115b136b8e1e2cdf3f00a55532723776a59a58"},
]
atomicwrites = [
    {file = "atomicwrites-1.3.0-py2.py3-none-any.whl", hash = "sha256:03472c30eb2c5d1ba9227e4c2ca66ab8287fbfbbda3888aa93dc2e28fc6811b4"},
    {file = "atomicwrites-1.3.0.tar.gz", hash = "sha256:75a9445bac02d8d058d5e1fe689654ba5a6556a1dfd8ce6ec55a0ed79866cfa6"},
]
attrs = [
    {file = "attrs-19.3.0-py2.py3-none-any.whl", hash = "sha256:08a96c641c3a74e44eb59afb61a24f2cb9f4d7188748e76ba4bb5edfa3cb7d1c"},
    {file = "attrs-19.3.0.tar.gz", hash = "sha256:f7b7ce16570fe9965acd6d30101a28f62fb4a7f9e926b3bbc9b61f8b04247e72"},
]
black = [
    {file = "black-19.10b0-py36-none-any.whl", hash = "sha256:1b30e59be925fafc1ee4565e5e08abef6b03fe455102883820fe5ee2e4734e0b"},
    {file = "black-19.10b0.tar.gz", hash = "sha256:c2edb73a08e9e0e6f65a0e6af18b059b8b1cdd5bef997d7a0b181df93dc81539"},
]
click = [
    {file = "click-7.1.1-py2.py3-none-any.whl", hash = "sha256:e345d143d80bf5ee7534056164e5e112ea5e22716bbb1ce727941f4c8b471b9a"},
    {file = "click-7.1.1.tar.gz", hash = "sha256:8a18b4ea89d8820c5d0c7da8a64b2c324b4dabb695804dbfea19b9be9d88c0cc"},
]
colorama = [
    {file = "colorama-0.4.3-py2.py3-none-any.whl", hash = "sha256:7d73d2a99753107a36ac6b455ee49046802e59d9d076ef8e47b61499fa29afff"},
    {file = "colorama-0.4.3.tar.gz", hash = "sha256:e96da0d330793e2cb9485e9ddfd918d456036c7149416295932478192f4436a1"},
]
entrypoints = [
    {file = "entrypoints-0.3-py2.py3-none-any.whl", hash = "sha256:589f874b313739ad35be6e0cd7efde2a4e9b6fea91edcc34e58ecbb8dbe56d19"},
    {file = "entrypoints-0.3.tar.gz", hash = "sha256:c70dd71abe5a8c85e55e12c19bd91ccfeec11a6e99044204511f9ed547d48451"},
]
flake8 = [
    {file = "flake8-3.7.9-py2.py3-none-any.whl", hash = "sha256:49356e766643ad15072a789a20915d3c91dc89fd313ccd71802303fd67e4deca"},
    {file = "flake8-3.7.9.tar.gz", hash = "sha256:45681a117ecc81e870cbf1262835ae4af5e7a8b08e40b944a8a6e6b895914cfb"},
]
importlib-metadata = [
    {file = "importlib_metadata-1.6.0-py2.py3-none-any.whl", hash = "sha256:2a688cbaa90e0cc587f1df48bdc97a6eadccdcd9c35fb3f976a09e3b5016d90f"},
    {file = "importlib_metadata-1.6.0.tar.gz", hash = "sha256:34513a8a0c4962bc66d35b359558fd8a5e10cd472d37aec5f66858addef32c1e"},
]
mccabe = [
    {file = "mccabe-0.6.1-py2.py3-none-any.whl", hash = "sha256:ab8a6258860da4b6677da4bd2fe5dc2c659cff31b3ee4f7f5d64e79735b80d42"},
    {file = "mccabe-0.6.1.tar.gz", hash = "sha256:dd8d182285a0fe56bace7f45b5e7d1a6ebcbf524e8f3bd87eb0f125271b8831f"},
]
more-itertools = [
    {file = "more-itertools-8.2.0.tar.gz", hash = "sha256:b1ddb932186d8a6ac451e1d95844b382f55e12686d51ca0c68b6f61f2ab7a507"},
    {file = "more_itertools-8.2.0-py3-none-any.whl", hash = "sha256:5dd8bcf33e5f9513ffa06d5ad33d78f31e1931ac9a18f33d37e77a180d393a7c"},
]
numpy = [
    {file = "numpy-1.18.2-cp35-cp35m-macosx_10_9_x86_64.whl", hash = "sha256:a1baa1dc8ecd88fb2d2a651671a84b9938461e8a8eed13e2f0a812a94084d1fa"},
    {file = "numpy-1.18.2-cp35-cp35m-manylinux1_i686.whl", hash = "sha256:a244f7af80dacf21054386539699ce29bcc64796ed9850c99a34b41305630286"},
    {file = "numpy-1.18.2-cp35-cp35m-manylinux1_x86_64.whl", hash = "sha256:6fcc5a3990e269f86d388f165a089259893851437b904f422d301cdce4ff25c8"},
    {file = "numpy-1.18.2-cp35-cp35m-win32.whl", hash = "sha256:b5ad0adb51b2dee7d0ee75a69e9871e2ddfb061c73ea8bc439376298141f77f5"},
    {file = "numpy-1.18.2-cp35-cp35m-win_amd64.whl", hash = "sha256:87902e5c03355335fc5992a74ba0247a70d937f326d852fc613b7f53516c0963"},
    {file = "numpy-1.18.2-cp36-cp36m-macosx_10_9_x86_64.whl", hash = "sha256:9ab21d1cb156a620d3999dd92f7d1c86824c622873841d6b080ca5495fa10fef"},
    {file = "numpy-1.18.2-cp36-cp36m-manylinux1_i686.whl", hash = "sha256:cdb3a70285e8220875e4d2bc394e49b4988bdb1298ffa4e0bd81b2f613be397c"},
    {file = "numpy-1.18.2-cp36-cp36m-manylinux1_x86_64.whl", hash = "sha256:6d205249a0293e62bbb3898c4c2e1ff8a22f98375a34775a259a0523111a8f6c"},
    {file = "numpy-1.18.2-cp36-cp36m-win32.whl", hash = "sha256:a35af656a7ba1d3decdd4fae5322b87277de8ac98b7d9da657d9e212ece76a61"},
    {file = "numpy-1.18.2-cp36-cp36m-win_amd64.whl", hash = "sha256:1598a6de323508cfeed6b7cd6c4efb43324f4692e20d1f76e1feec7f59013448"},
    {file = "numpy-1.18.2-cp37-cp37m-macosx_10_9_x86_64.whl", hash = "sha256:deb529c40c3f1e38d53d5ae6cd077c21f1d49e13afc7936f7f868455e16b64a0"},
    {file = "numpy-1.18.2-cp37-cp37m-manylinux1_i686.whl", hash = "sha256:cd77d58fb2acf57c1d1ee2835567cd70e6f1835e32090538f17f8a3a99e5e34b"},
    {file = "numpy-1.18.2-cp37-cp37m-manylinux1_x86_64.whl", hash = "sha256:b1fe1a6f3a6f355f6c29789b5927f8bd4f134a4bd9a781099a7c4f66af8850f5"},
    {file = "numpy-1.18.2-cp37-cp37m-win32.whl", hash = "sha256:2e40be731ad618cb4974d5ba60d373cdf4f1b8dcbf1dcf4d9dff5e212baf69c5"},
    {file = "numpy-1.18.2-cp37-cp37m-win_amd64.whl", hash = "sha256:4ba59db1fcc27ea31368af524dcf874d9277f21fd2e1f7f1e2e0c75ee61419ed"},
    {file = "numpy-1.18.2-cp38-cp38-macosx_10_9_x86_64.whl", hash = "sha256:59ca9c6592da581a03d42cc4e270732552243dc45e87248aa8d636d53812f6a5"},
    {file = "numpy-1.18.2-cp38-cp38-manylinux1_i686.whl", hash = "sha256:1b0ece94018ae21163d1f651b527156e1f03943b986188dd81bc7e066eae9d1c"},
    {file = "numpy-1.18.2-cp38-cp38-manylinux1_x86_64.whl", hash = "sha256:82847f2765835c8e5308f136bc34018d09b49037ec23ecc42b246424c767056b"},
    {file = "numpy-1.18.2-cp38-cp38-win32.whl", hash = "sha256:5e0feb76849ca3e83dd396254e47c7dba65b3fa9ed3df67c2556293ae3e16de3"},
    {file = "numpy-1.18.2-cp38-cp38-win_amd64.whl", hash = "sha256:ba3c7a2814ec8a176bb71f91478293d633c08582119e713a0c5351c0f77698da"},
    {file = "numpy-1.18.2.zip", hash = "sha256:e7894793e6e8540dbeac77c87b489e331947813511108ae097f1715c018b8f3d"},
]
pathspec = [
    {file = "pathspec-0.8.0-py2.py3-none-any.whl", hash = "sha256:7d91249d21749788d07a2d0f94147accd8f845507400749ea19c1ec9054a12b0"},
    {file = "pathspec-0.8.0.tar.gz", hash = "sha256:da45173eb3a6f2a5a487efba21f050af2b41948be6ab52b6a1e3ff22bb8b7061"},
]
pillow = [
    {file = "Pillow-7.1.1-cp35-cp35m-macosx_10_10_intel.whl", hash = "sha256:b7453750cf911785009423789d2e4e5393aae9cbb8b3f471dab854b85a26cb89"},
    {file = "Pillow-7.1.1-cp35-cp35m-manylinux1_i686.whl", hash = "sha256:4510c6b33277970b1af83c987277f9a08ec2b02cc20ac0f9234e4026136bb137"},
    {file = "Pillow-7.1.1-cp35-cp35m-manylinux1_x86_64.whl", hash = "sha256:b99b2607b6cd58396f363b448cbe71d3c35e28f03e442ab00806463439629c2c"},
    {file = "Pillow-7.1.1-cp35-cp35m-win32.whl", hash = "sha256:cd47793f7bc9285a88c2b5551d3f16a2ddd005789614a34c5f4a598c2a162383"},
    {file = "Pillow-7.1.1-cp35-cp35m-win_amd64.whl", hash = "sha256:04a10558320eba9137d6a78ca6fc8f4a5801f1b971152938851dc4629d903579"},
    {file = "Pillow-7.1.1-cp36-cp36m-macosx_10_10_x86_64.whl", hash = "sha256:50a10b048f4dd81c092adad99fa5f7ba941edaf2f9590510109ac2a15e706695"},
    {file = "Pillow-7.1.1-cp36-cp36m-manylinux1_i686.whl", hash = "sha256:721c04d3c77c38086f1f95d1cd8df87f2f9a505a780acf8575912b3206479da1"},
    {file = "Pillow-7.1.1-cp36-cp36m-manylinux1_x86_64.whl", hash = "sha256:a5dc9f28c0239ec2742d4273bd85b2aa84655be2564db7ad1eb8f64b1efcdc4c"},
    {file = "Pillow-7.1.1-cp36-cp36m-win32.whl", hash = "sha256:d6bf085f6f9ec6a1724c187083b37b58a8048f86036d42d21802ed5d1fae4853"},
    {file = "Pillow-7.1.1-cp36-cp36m-win_amd64.whl", hash = "sha256:251e5618125ec12ac800265d7048f5857a8f8f1979db9ea3e11382e159d17f68"},
    {file = "Pillow-7.1.1-cp37-cp37m-macosx_10_10_x86_64.whl", hash = "sha256:433bbc2469a2351bea53666d97bb1eb30f0d56461735be02ea6b27654569f80f"},
    {file = "Pillow-7.1.1-cp37-cp37m-manylinux1_i686.whl", hash = "sha256:eb84e7e5b07ff3725ab05977ac56d5eeb0c510795aeb48e8b691491be3c5745b"},
    {file = "Pillow-7.1.1-cp37-cp37m-manylinux1_x86_64.whl", hash = "sha256:3713386d1e9e79cea1c5e6aaac042841d7eef838cc577a3ca153c8bedf570287"},
    {file = "Pillow-7.1.1-cp37-cp37m-win32.whl", hash = "sha256:291bad7097b06d648222b769bbfcd61e40d0abdfe10df686d20ede36eb8162b6"},
    {file = "Pillow-7.1.1-cp37-cp37m-win_amd64.whl", hash = "sha256:6c1924ed7dbc6ad0636907693bbbdd3fdae1d73072963e71f5644b864bb10b4d"},
    {file = "Pillow-7.1.1-cp38-cp38-macosx_10_10_x86_64.whl", hash = "sha256:670e58d3643971f4afd79191abd21623761c2ebe61db1c2cb4797d817c4ba1a7"},
    {file = "Pillow-7.1.1-cp38-cp38-manylinux1_i686.whl", hash = "sha256:8d5799243050c2833c2662b824dfb16aa98e408d2092805edea4300a408490e7"},
    {file = "Pillow-7.1.1-cp38-cp38-manylinux1_x86_64.whl", hash = "sha256:da737ab273f4d60ae552f82ad83f7cbd0e173ca30ca20b160f708c92742ee212"},
    {file = "Pillow-7.1.1-cp38-cp38-win32.whl", hash = "sha256:b2f3e8cc52ecd259b94ca880fea0d15f4ebc6da2cd3db515389bb878d800270f"},
    {file = "Pillow-7.1.1-cp38-cp38-win_amd64.whl", hash = "sha256:2f0b52a08d175f10c8ea36685115681a484c55d24d0933f9fd911e4111c04144"},
    {file = "Pillow-7.1.1-pp373-pypy36_pp73-win32.whl", hash = "sha256:90cd441a1638ae176eab4d8b6b94ab4ec24b212ed4c3fbee2a6e74672481d4f8"},
    {file = "Pillow-7.1.1-py3.8-macosx-10.9-x86_64.egg", hash = "sha256:5eef904c82b5f8e4256e8d420c971357da2884c0b812ba4efa15a7ad2ec66247"},
    {file = "Pillow-7.1.1.tar.gz", hash = "sha256:0f89ddc77cf421b8cd34ae852309501458942bf370831b4a9b406156b599a14e"},
]
pluggy = [
    {file = "pluggy-0.13.1-py2.py3-none-any.whl", hash = "sha256:966c145cd83c96502c3c3868f50408687b38434af77734af1e9ca461a4081d2d"},
    {file = "pluggy-0.13.1.tar.gz", hash = "sha256:15b2acde666561e1298d71b523007ed7364de07029219b604cf808bfa1c765b0"},
]
py = [
    {file = "py-1.8.1-py2.py3-none-any.whl", hash = "sha256:c20fdd83a5dbc0af9efd622bee9a5564e278f6380fffcacc43ba6f43db2813b0"},
    {file = "py-1.8.1.tar.gz", hash = "sha256:5e27081401262157467ad6e7f851b7aa402c5852dbcb3dae06768434de5752aa"},
]
pycodestyle = [
    {file = "pycodestyle-2.5.0-py2.py3-none-any.whl", hash = "sha256:95a2219d12372f05704562a14ec30bc76b05a5b297b21a5dfe3f6fac3491ae56"},
    {file = "pycodestyle-2.5.0.tar.gz", hash = "sha256:e40a936c9a450ad81df37f549d676d127b1b66000a6c500caa2b085bc0ca976c"},
]
pyflakes = [
    {file = "pyflakes-2.1.1-py2.py3-none-any.whl", hash = "sha256:17dbeb2e3f4d772725c777fabc446d5634d1038f234e77343108ce445ea69ce0"},
    {file = "pyflakes-2.1.1.tar.gz", hash = "sha256:d976835886f8c5b31d47970ed689944a0262b5f3afa00a5a7b4dc81e5449f8a2"},
]
pyglet = [
    {file = "pyglet-1.5.3-py2.py3-none-any.whl", hash = "sha256:c54d897d96bf65689bfaf094330ba3dc76af24daf74e7d98336157fd82b72f1b"},
    {file = "pyglet-1.5.3.zip", hash = "sha256:bd96b9c374a7192e4787f989e8f911719476c71476466a02312839e8cb6a0d4e"},
]
pytest = [
    {file = "pytest-3.10.1-py2.py3-none-any.whl", hash = "sha256:3f193df1cfe1d1609d4c583838bea3d532b18d6160fd3f55c9447fdca30848ec"},
    {file = "pytest-3.10.1.tar.gz", hash = "sha256:e246cf173c01169b9617fc07264b7b1316e78d7a650055235d6d897bc80d9660"},
]
pytiled-parser = [
    {file = "pytiled_parser-0.9.3-py3-none-any.whl", hash = "sha256:7664f5ed291fa51bad131c0f844f80c81ee604c768eb05ebe29530ddff4a0000"},
]
regex = [
    {file = "regex-2020.4.4-cp27-cp27m-win32.whl", hash = "sha256:90742c6ff121a9c5b261b9b215cb476eea97df98ea82037ec8ac95d1be7a034f"},
    {file = "regex-2020.4.4-cp27-cp27m-win_amd64.whl", hash = "sha256:24f4f4062eb16c5bbfff6a22312e8eab92c2c99c51a02e39b4eae54ce8255cd1"},
    {file = "regex-2020.4.4-cp36-cp36m-manylinux1_i686.whl", hash = "sha256:08119f707f0ebf2da60d2f24c2f39ca616277bb67ef6c92b72cbf90cbe3a556b"},
    {file = "regex-2020.4.4-cp36-cp36m-manylinux1_x86_64.whl", hash = "sha256:c9423a150d3a4fc0f3f2aae897a59919acd293f4cb397429b120a5fcd96ea3db"},
    {file = "regex-2020.4.4-cp36-cp36m-manylinux2010_i686.whl", hash = "sha256:c087bff162158536387c53647411db09b6ee3f9603c334c90943e97b1052a156"},
    {file = "regex-2020.4.4-cp36-cp36m-manylinux2010_x86_64.whl", hash = "sha256:1cbe0fa0b7f673400eb29e9ef41d4f53638f65f9a2143854de6b1ce2899185c3"},
    {file = "regex-2020.4.4-cp36-cp36m-win32.whl", hash = "sha256:0ce9537396d8f556bcfc317c65b6a0705320701e5ce511f05fc04421ba05b8a8"},
    {file = "regex-2020.4.4-cp36-cp36m-win_amd64.whl", hash = "sha256:7e1037073b1b7053ee74c3c6c0ada80f3501ec29d5f46e42669378eae6d4405a"},
    {file = "regex-2020.4.4-cp37-cp37m-manylinux1_i686.whl", hash = "sha256:4385f12aa289d79419fede43f979e372f527892ac44a541b5446617e4406c468"},
    {file = "regex-2020.4.4-cp37-cp37m-manylinux1_x86_64.whl", hash = "sha256:a58dd45cb865be0ce1d5ecc4cfc85cd8c6867bea66733623e54bd95131f473b6"},
    {file = "regex-2020.4.4-cp37-cp37m-manylinux2010_i686.whl", hash = "sha256:ccccdd84912875e34c5ad2d06e1989d890d43af6c2242c6fcfa51556997af6cd"},
    {file = "regex-2020.4.4-cp37-cp37m-manylinux2010_x86_64.whl", hash = "sha256:ea4adf02d23b437684cd388d557bf76e3afa72f7fed5bbc013482cc00c816948"},
    {file = "regex-2020.4.4-cp37-cp37m-win32.whl", hash = "sha256:2294f8b70e058a2553cd009df003a20802ef75b3c629506be20687df0908177e"},
    {file = "regex-2020.4.4-cp37-cp37m-win_amd64.whl", hash = "sha256:e91ba11da11cf770f389e47c3f5c30473e6d85e06d7fd9dcba0017d2867aab4a"},
    {file = "regex-2020.4.4-cp38-cp38-manylinux1_i686.whl", hash = "sha256:5635cd1ed0a12b4c42cce18a8d2fb53ff13ff537f09de5fd791e97de27b6400e"},
    {file = "regex-2020.4.4-cp38-cp38-manylinux1_x86_64.whl", hash = "sha256:23069d9c07e115537f37270d1d5faea3e0bdded8279081c4d4d607a2ad393683"},
    {file = "regex-2020.4.4-cp38-cp38-manylinux2010_i686.whl", hash = "sha256:c162a21e0da33eb3d31a3ac17a51db5e634fc347f650d271f0305d96601dc15b"},
    {file = "regex-2020.4.4-cp38-cp38-manylinux2010_x86_64.whl", hash = "sha256:fb95debbd1a824b2c4376932f2216cc186912e389bdb0e27147778cf6acb3f89"},
    {file = "regex-2020.4.4-cp38-cp38-win32.whl", hash = "sha256:2a3bf8b48f8e37c3a40bb3f854bf0121c194e69a650b209628d951190b862de3"},
    {file = "regex-2020.4.4-cp38-cp38-win_amd64.whl", hash = "sha256:5bfed051dbff32fd8945eccca70f5e22b55e4148d2a8a45141a3b053d6455ae3"},
    {file = "regex-2020.4.4.tar.gz", hash = "sha256:295badf61a51add2d428a46b8580309c520d8b26e769868b922750cf3ce67142"},
]
six = [
    {file = "six-1.14.0-py2.py3-none-any.whl", hash = "sha256:8f3cd2e254d8f793e7f3d6d9df77b92252b52637291d0f0da013c76ea2724b6c"},
    {file = "six-1.14.0.tar.gz", hash = "sha256:236bdbdce46e6e6a3d61a337c0f8b763ca1e8717c03b369e87a7ec7ce1319c0a"},
]
toml = [
    {file = "toml-0.10.0-py2.7.egg", hash = "sha256:f1db651f9657708513243e61e6cc67d101a39bad662eaa9b5546f789338e07a3"},
    {file = "toml-0.10.0-py2.py3-none-any.whl", hash = "sha256:235682dd292d5899d361a811df37e04a8828a5b1da3115886b73cf81ebc9100e"},
    {file = "toml-0.10.0.tar.gz", hash = "sha256:229f81c57791a41d65e399fc06bf0848bab550a9dfd5ed66df18ce5f05e73d5c"},
]
typed-ast = [
    {file = "typed_ast-1.4.1-cp35-cp35m-manylinux1_i686.whl", hash = "sha256:73d785a950fc82dd2a25897d525d003f6378d1cb23ab305578394694202a58c3"},
    {file = "typed_ast-1.4.1-cp35-cp35m-manylinux1_x86_64.whl", hash = "sha256:aaee9905aee35ba5905cfb3c62f3e83b3bec7b39413f0a7f19be4e547ea01ebb"},
    {file = "typed_ast-1.4.1-cp35-cp35m-win32.whl", hash = "sha256:0c2c07682d61a629b68433afb159376e24e5b2fd4641d35424e462169c0a7919"},
    {file = "typed_ast-1.4.1-cp35-cp35m-win_amd64.whl", hash = "sha256:4083861b0aa07990b619bd7ddc365eb7fa4b817e99cf5f8d9cf21a42780f6e01"},
    {file = "typed_ast-1.4.1-cp36-cp36m-macosx_10_9_x86_64.whl", hash = "sha256:269151951236b0f9a6f04015a9004084a5ab0d5f19b57de779f908621e7d8b75"},
    {file = "typed_ast-1.4.1-cp36-cp36m-manylinux1_i686.whl", hash = "sha256:24995c843eb0ad11a4527b026b4dde3da70e1f2d8806c99b7b4a7cf491612652"},
    {file = "typed_ast-1.4.1-cp36-cp36m-manylinux1_x86_64.whl", hash = "sha256:fe460b922ec15dd205595c9b5b99e2f056fd98ae8f9f56b888e7a17dc2b757e7"},
    {file = "typed_ast-1.4.1-cp36-cp36m-win32.whl", hash = "sha256:4e3e5da80ccbebfff202a67bf900d081906c358ccc3d5e3c8aea42fdfdfd51c1"},
    {file = "typed_ast-1.4.1-cp36-cp36m-win_amd64.whl", hash = "sha256:249862707802d40f7f29f6e1aad8d84b5aa9e44552d2cc17384b209f091276aa"},
    {file = "typed_ast-1.4.1-cp37-cp37m-macosx_10_9_x86_64.whl", hash = "sha256:8ce678dbaf790dbdb3eba24056d5364fb45944f33553dd5869b7580cdbb83614"},
    {file = "typed_ast-1.4.1-cp37-cp37m-manylinux1_i686.whl", hash = "sha256:c9e348e02e4d2b4a8b2eedb48210430658df6951fa484e59de33ff773fbd4b41"},
    {file = "typed_ast-1.4.1-cp37-cp37m-manylinux1_x86_64.whl", hash = "sha256:bcd3b13b56ea479b3650b82cabd6b5343a625b0ced5429e4ccad28a8973f301b"},
    {file = "typed_ast-1.4.1-cp37-cp37m-win32.whl", hash = "sha256:d5d33e9e7af3b34a40dc05f498939f0ebf187f07c385fd58d591c533ad8562fe"},
    {file = "typed_ast-1.4.1-cp37-cp37m-win_amd64.whl", hash = "sha256:0666aa36131496aed8f7be0410ff974562ab7eeac11ef351def9ea6fa28f6355"},
    {file = "typed_ast-1.4.1-cp38-cp38-macosx_10_15_x86_64.whl", hash = "sha256:d205b1b46085271b4e15f670058ce182bd1199e56b317bf2ec004b6a44f911f6"},
    {file = "typed_ast-1.4.1-cp38-cp38-manylinux1_i686.whl", hash = "sha256:6daac9731f172c2a22ade6ed0c00197ee7cc1221aa84cfdf9c31defeb059a907"},
    {file = "typed_ast-1.4.1-cp38-cp38-manylinux1_x86_64.whl", hash = "sha256:498b0f36cc7054c1fead3d7fc59d2150f4d5c6c56ba7fb150c013fbc683a8d2d"},
    {file = "typed_ast-1.4.1-cp38-cp38-win32.whl", hash = "sha256:715ff2f2df46121071622063fc7543d9b1fd19ebfc4f5c8895af64a77a8c852c"},
    {file = "typed_ast-1.4.1-cp38-cp38-win_amd64.whl", hash = "sha256:fc0fea399acb12edbf8a628ba8d2312f583bdbdb3335635db062fa98cf71fca4"},
    {file = "typed_ast-1.4.1-cp39-cp39-macosx_10_15_x86_64.whl", hash = "sha256:d43943ef777f9a1c42bf4e552ba23ac77a6351de620aa9acf64ad54933ad4d34"},
    {file = "typed_ast-1.4.1.tar.gz", hash = "sha256:8c8aaad94455178e3187ab22c8b01a3837f8ee50e09cf31f1ba129eb293ec30b"},
]
zipp = [
    {file = "zipp-3.1.0-py3-none-any.whl", hash = "sha256:aa36550ff0c0b7ef7fa639055d797116ee891440eac1a56f378e2d3179e0320b"},
    {file = "zipp-3.1.0.tar.gz", hash = "sha256:c599e4d75c98f6798c509911d08a22e6c021d074469042177c8c86fb92eefd96"},
]
