{
    "_meta": {
        "hash": {
            "sha256": "19330b06977ef96698964b70656d6d884a0a5b0ecfa7068a2415afc5f24117f2"
        },
        "pipfile-spec": 6,
        "requires": {
            "python_version": "3.14"
        },
        "sources": [
            {
                "name": "pypi",
                "url": "https://pypi.org/simple",
                "verify_ssl": true
            }
        ]
    },
    "default": {},
    "develop": {
        "autopep8": {
            "hashes": [
                "sha256:89440a4f969197b69a995e4ce0661b031f455a9f776d2c5ba3dbd83466931758",
                "sha256:ce8ad498672c845a0c3de2629c15b635ec2b05ef8177a6e7c91c74f3e9b51128"
            ],
            "index": "pypi",
            "markers": "python_version >= '3.9'",
            "version": "==2.3.2"
        },
        "black": {
            "hashes": [
                "sha256:0e48b87e03bf109288e55cfceadcfa15ff5470aca2851a851950ed2926f450d7",
                "sha256:1037d5ac7b7b310b2632ad867ec8d0e4c4819dcdb0b820f63135da746a24e418",
                "sha256:1ef92b76f7733f282fd096ea406200b5a286c42947412b0eaff3a74e3616cefe",
                "sha256:1f7ea64ebfa01b50f693508fc39f875e264446d3b097088f84f203b9d09618a0",
                "sha256:22f2cd76d069cc54c71f10360744ba8983fbb616903b4304a85b734915c8e1b4",
                "sha256:2b36cf2ddf5566e205f6535f782a62194a184d33e175b64ae8c40b1737522be3",
                "sha256:30d3c14661f2792e9142cce3eeeb1cbc175b3eb5f733be0c8eeb99651e52b0c3",
                "sha256:32d5ea7f6c8bdfa6e648326ebca1f02b0764e2a029edc6f8dce2627e19d468c3",
                "sha256:3915f256e75a2d7cf88d8953d37f780455dc586cc72dee059c528fe77f581217",
                "sha256:4ad6fa01f941920f54f2bbb35f3df7673428a0ef98a0b0840c2eaef3b110efa8",
                "sha256:4ed7f7da04046d2e488437170797d3b4a4ad83906683bcb7dfc68b673bbce5e2",
                "sha256:5119fa92ae61f786e8c3662fd60aece1d0a2dd5cca5d0c79417a95e7a4272a59",
                "sha256:577f21094ea469ef92ec1adaf2c9441a226d2144d01a5be2fa823cecf6543e50",
                "sha256:58b4bd92cf88aacf83d88479c8f9caee044b1ec55f2451a337354a7ea2590a22",
                "sha256:5c34b25da232ead53a6f335b76dbea124f4d152ad568b9080d6f944bc2b34b52",
                "sha256:87ed5c6f450580a2f6790bc7cbfb016dfc73bc750249762268a3695361315eef",
                "sha256:89c93167a74d3a75dfaa38a5c7cca015537d5820dd7f17d63267d674a61cae90",
                "sha256:96ae2c733b2aabdd9986e2c5df628ff3473676cd1c5faded1ff496cf6d74083c",
                "sha256:9942db8888e06943c5dde66ca0037dcff82a2a4ec1ad0ada9e0d2ee9d9823893",
                "sha256:9d98d4137277c75dfb898ec8d846c4fd68ba1e9cf77f95e2865c203dc18f4c3d",
                "sha256:a1dca32d9f1784af512a13410ec204c6f7f0aa9797a111c42e1c03449821c264",
                "sha256:dd321f668053961824bcc1be1cc1df748b2d7e4fa28086b08331e577b0100a73",
                "sha256:e1a26503279b6b310669fb0b219c39e4820b77e8189fe80f522bb511f247db0a",
                "sha256:e88976690a64b0af98312ca958415849cb42423423c5f2ee74af4b49a97a2168",
                "sha256:ea8d16dc41655aa113cd64665e7219446cd7e4ff2248d7178eaa905190c86b18",
                "sha256:ecb3e624844c798144e9bd986954e0adc81d8911a1f30f375e1252fe26e8c294",
                "sha256:ed1a20af114c301a0269bf01163d51dbef72737fd65f850001e7cbe7f3c7abae"
            ],
            "index": "pypi",
            "markers": "python_version >= '3.10'",
            "version": "==26.5.1"
        },
        "click": {
            "hashes": [
                "sha256:255bc9599cf7748b4b1a446ccc735421bd08a2ae529a8b88597d3de5664ee360",
                "sha256:ba0d2089de75ea0310e2dde03160e6ca10009947fb95a182f9b54021bb272e34"
            ],
            "markers": "python_version >= '3.10'",
            "version": "==8.5.0"
        },
        "jedi": {
            "hashes": [
                "sha256:7bdd9c2634f56713299976f4cbd59cb3fa92165cc5e05ea811fb253480728b67",
                "sha256:c3f4ccbd276696f4b19c54618d4fb18f9fc24b0aef02acf704b23f487daa1011"
            ],
            "index": "pypi",
            "markers": "python_version >= '3.10'",
            "version": "==0.20.0"
        },
        "mypy-extensions": {
            "hashes": [
                "sha256:1be4cccdb0f2482337c4743e60421de3a356cd97508abadd57d47403e94f5505",
                "sha256:52e68efc3284861e772bbcd66823fde5ae21fd2fdb51c62a211403730b916558"
            ],
            "markers": "python_version >= '3.8'",
            "version": "==1.1.0"
        },
        "packaging": {
            "hashes": [
                "sha256:94edc256424af38762eb31306eed28beb9f0efc50a8837492c9d6fd6004aed79",
                "sha256:d7193f7c8e4e93f444fde0262bf90af30e16fa0ad0ad44cb553c87339b23cd1c"
            ],
            "markers": "python_version >= '3.9'",
            "version": "==26.3"
        },
        "parso": {
            "hashes": [
                "sha256:a8926eb2a1b915486941fdbd31e86a4baf88fe8c210f25f2f35ecec5b574ca1c",
                "sha256:eaaac4c9fdd5e9e8852dc778d2d7405897ec510f2a298071453e5e3a07914bb1"
            ],
            "markers": "python_version >= '3.6'",
            "version": "==0.8.7"
        },
        "pathspec": {
            "hashes": [
                "sha256:17db5ecd524104a120e173814c90367a96a98d07c45b2e10c2f3919fff91bf5a",
                "sha256:a00ce642f577bf7f473932318056212bc4f8bfdf53128c78bbd5af0b9b20b189"
            ],
            "markers": "python_version >= '3.9'",
            "version": "==1.1.1"
        },
        "platformdirs": {
            "hashes": [
                "sha256:0a3958f58a9e30321eaef0a424dd0b77cce242886b36b8aa992f9731ef2d59c1",
                "sha256:e2c66a8d384596cd98e3c4aea2d761df7bac95d9d8a2cc3946daa8cdafdaebc1"
            ],
            "markers": "python_version >= '3.10'",
            "version": "==4.11.9"
        },
        "pycodestyle": {
            "hashes": [
                "sha256:c4b5b517d278089ff9d0abdec919cd97262a3367449ea1c8b49b91529167b783",
                "sha256:dd6bf7cb4ee77f8e016f9c8e74a35ddd9f67e1d5fd4184d86c3b98e07099f42d"
            ],
            "markers": "python_version >= '3.9'",
            "version": "==2.14.0"
        },
        "pytokens": {
            "hashes": [
                "sha256:0fc71786e629cef478cbf29d7ea1923299181d0699dbe7c3c0f4a583811d9fc1",
                "sha256:11edda0942da80ff58c4408407616a310adecae1ddd22eef8c692fe266fa5009",
                "sha256:140709331e846b728475786df8aeb27d24f48cbcf7bcd449f8de75cae7a45083",
                "sha256:24afde1f53d95348b5a0eb19488661147285ca4dd7ed752bbc3e1c6242a304d1",
                "sha256:26cef14744a8385f35d0e095dc8b3a7583f6c953c2e3d269c7f82484bf5ad2de",
                "sha256:27b83ad28825978742beef057bfe406ad6ed524b2d28c252c5de7b4a6dd48fa2",
                "sha256:292052fe80923aae2260c073f822ceba21f3872ced9a68bb7953b348e561179a",
                "sha256:29d1d8fb1030af4d231789959f21821ab6325e463f0503a61d204343c9b355d1",
                "sha256:2a44ed93ea23415c54f3face3b65ef2b844d96aeb3455b8a69b3df6beab6acc5",
                "sha256:30f51edd9bb7f85c748979384165601d028b84f7bd13fe14d3e065304093916a",
                "sha256:34bcc734bd2f2d5fe3b34e7b3c0116bfb2397f2d9666139988e7a3eb5f7400e3",
                "sha256:3ad72b851e781478366288743198101e5eb34a414f1d5627cdd585ca3b25f1db",
                "sha256:3f901fe783e06e48e8cbdc82d631fca8f118333798193e026a50ce1b3757ea68",
                "sha256:42f144f3aafa5d92bad964d471a581651e28b24434d184871bd02e3a0d956037",
                "sha256:4a14d5f5fc78ce85e426aa159489e2d5961acf0e47575e08f35584009178e321",
                "sha256:4a58d057208cb9075c144950d789511220b07636dd2e4708d5645d24de666bdc",
                "sha256:4e691d7f5186bd2842c14813f79f8884bb03f5995f0575272009982c5ac6c0f7",
                "sha256:5502408cab1cb18e128570f8d598981c68a50d0cbd7c61312a90507cd3a1276f",
                "sha256:584c80c24b078eec1e227079d56dc22ff755e0ba8654d8383b2c549107528918",
                "sha256:5ad948d085ed6c16413eb5fec6b3e02fa00dc29a2534f088d3302c47eb59adf9",
                "sha256:670d286910b531c7b7e3c0b453fd8156f250adb140146d234a82219459b9640c",
                "sha256:682fa37ff4d8e95f7df6fe6fe6a431e8ed8e788023c6bcc0f0880a12eab80ad1",
                "sha256:6d6c4268598f762bc8e91f5dbf2ab2f61f7b95bdc07953b602db879b3c8c18e1",
                "sha256:79fc6b8699564e1f9b521582c35435f1bd32dd06822322ec44afdeba666d8cb3",
                "sha256:8bdb9d0ce90cbf99c525e75a2fa415144fd570a1ba987380190e8b786bc6ef9b",
                "sha256:8fcb9ba3709ff77e77f1c7022ff11d13553f3c30299a9fe246a166903e9091eb",
                "sha256:941d4343bf27b605e9213b26bfa1c4bf197c9c599a9627eb7305b0defcfe40c1",
                "sha256:967cf6e3fd4adf7de8fc73cd3043754ae79c36475c1c11d514fc72cf5490094a",
                "sha256:970b08dd6b86058b6dc07efe9e98414f5102974716232d10f32ff39701e841c4",
                "sha256:97f50fd18543be72da51dd505e2ed20d2228c74e0464e4262e4899797803d7fa",
                "sha256:9bd7d7f544d362576be74f9d5901a22f317efc20046efe2034dced238cbbfe78",
                "sha256:add8bf86b71a5d9fb5b89f023a80b791e04fba57960aa790cc6125f7f1d39dfe",
                "sha256:b35d7e5ad269804f6697727702da3c517bb8a5228afa450ab0fa787732055fc9",
                "sha256:b49750419d300e2b5a3813cf229d4e5a4c728dae470bcc89867a9ad6f25a722d",
                "sha256:d31b97b3de0f61571a124a00ffe9a81fb9939146c122c11060725bd5aea79975",
                "sha256:d70e77c55ae8380c91c0c18dea05951482e263982911fc7410b1ffd1dadd3440",
                "sha256:d9907d61f15bf7261d7e775bd5d7ee4d2930e04424bab1972591918497623a16",
                "sha256:da5baeaf7116dced9c6bb76dc31ba04a2dc3695f3d9f74741d7910122b456edc",
                "sha256:dc74c035f9bfca0255c1af77ddd2d6ae8419012805453e4b0e7513e17904545d",
                "sha256:dcafc12c30dbaf1e2af0490978352e0c4041a7cde31f4f81435c2a5e8b9cabb6",
                "sha256:ee44d0f85b803321710f9239f335aafe16553b39106384cef8e6de40cb4ef2f6",
                "sha256:f66a6bbe741bd431f6d741e617e0f39ec7257ca1f89089593479347cc4d13324"
            ],
            "markers": "python_version >= '3.8'",
            "version": "==0.4.1"
        }
    }
}
