{
    "_meta": {
        "hash": {
            "sha256": "f8fcc479f5f1691e915d5dffd570980b72616513c59d7d7bc083028d041b5241"
        },
        "pipfile-spec": 6,
        "requires": {
            "python_version": "3.8"
        },
        "sources": [
            {
                "name": "pypi",
                "url": "https://pypi.org/simple",
                "verify_ssl": true
            }
        ]
    },
    "default": {
        "appnope": {
            "hashes": [
                "sha256:5b26757dc6f79a3b7dc9fab95359328d5747fcb2409d331ea66d0272b90ab2a0",
                "sha256:8b995ffe925347a2138d7ac0fe77155e4311a0ea6d6da4f5128fe4b3cbe5ed71"
            ],
            "markers": "sys_platform == 'darwin'",
            "version": "==0.1.0"
        },
        "attrs": {
            "hashes": [
                "sha256:08a96c641c3a74e44eb59afb61a24f2cb9f4d7188748e76ba4bb5edfa3cb7d1c",
                "sha256:f7b7ce16570fe9965acd6d30101a28f62fb4a7f9e926b3bbc9b61f8b04247e72"
            ],
            "version": "==19.3.0"
        },
        "backcall": {
            "hashes": [
                "sha256:38ecd85be2c1e78f77fd91700c76e14667dc21e2713b63876c0eb901196e01e4",
                "sha256:bbbf4b1e5cd2bdb08f915895b51081c041bac22394fdfcfdfbe9f14b77c08bf2"
            ],
            "version": "==0.1.0"
        },
        "beautifulsoup4": {
            "hashes": [
                "sha256:73cc4d115b96f79c7d77c1c7f7a0a8d4c57860d1041df407dd1aae7f07a77fd7",
                "sha256:a6237df3c32ccfaee4fd201c8f5f9d9df619b93121d01353a64a73ce8c6ef9a8",
                "sha256:e718f2342e2e099b640a34ab782407b7b676f47ee272d6739e60b8ea23829f2c"
            ],
            "index": "pypi",
            "version": "==4.9.1"
        },
        "bleach": {
            "hashes": [
                "sha256:2bce3d8fab545a6528c8fa5d9f9ae8ebc85a56da365c7f85180bfe96a35ef22f",
                "sha256:3c4c520fdb9db59ef139915a5db79f8b51bc2a7257ea0389f30c846883430a4b"
            ],
            "version": "==3.1.5"
        },
        "certifi": {
            "hashes": [
                "sha256:5ad7e9a056d25ffa5082862e36f119f7f7cec6457fa07ee2f8c339814b80c9b1",
                "sha256:9cd41137dc19af6a5e03b630eefe7d1f458d964d406342dd3edf625839b944cc"
            ],
            "version": "==2020.4.5.2"
        },
        "chardet": {
            "hashes": [
                "sha256:84ab92ed1c4d4f16916e05906b6b75a6c0fb5db821cc65e70cbd64a3e2a5eaae",
                "sha256:fc323ffcaeaed0e0a02bf4d117757b98aed530d9ed4531e3e15460124c106691"
            ],
            "version": "==3.0.4"
        },
        "decorator": {
            "hashes": [
                "sha256:41fa54c2a0cc4ba648be4fd43cff00aedf5b9465c9bf18d64325bc225f08f760",
                "sha256:e3a62f0520172440ca0dcc823749319382e377f37f140a0b99ef45fecb84bfe7"
            ],
            "version": "==4.4.2"
        },
        "defusedxml": {
            "hashes": [
                "sha256:6687150770438374ab581bb7a1b327a847dd9c5749e396102de3fad4e8a3ef93",
                "sha256:f684034d135af4c6cbb949b8a4d2ed61634515257a67299e5f940fbaa34377f5"
            ],
            "version": "==0.6.0"
        },
        "entrypoints": {
            "hashes": [
                "sha256:589f874b313739ad35be6e0cd7efde2a4e9b6fea91edcc34e58ecbb8dbe56d19",
                "sha256:c70dd71abe5a8c85e55e12c19bd91ccfeec11a6e99044204511f9ed547d48451"
            ],
            "version": "==0.3"
        },
        "idna": {
            "hashes": [
                "sha256:7588d1c14ae4c77d74036e8c22ff447b26d0fde8f007354fd48a7814db15b7cb",
                "sha256:a068a21ceac8a4d63dbfd964670474107f541babbd2250d61922f029858365fa"
            ],
            "version": "==2.9"
        },
        "ipykernel": {
            "hashes": [
                "sha256:731adb3f2c4ebcaff52e10a855ddc87670359a89c9c784d711e62d66fccdafae",
                "sha256:a8362e3ae365023ca458effe93b026b8cdadc0b73ff3031472128dd8a2cf0289"
            ],
            "version": "==5.3.0"
        },
        "ipython": {
            "hashes": [
                "sha256:0ef1433879816a960cd3ae1ae1dc82c64732ca75cec8dab5a4e29783fb571d0e",
                "sha256:1b85d65632211bf5d3e6f1406f3393c8c429a47d7b947b9a87812aa5bce6595c"
            ],
            "version": "==7.15.0"
        },
        "ipython-genutils": {
            "hashes": [
                "sha256:72dd37233799e619666c9f639a9da83c34013a73e8bbc79a7a6348d93c61fab8",
                "sha256:eb2e116e75ecef9d4d228fdc66af54269afa26ab4463042e33785b887c628ba8"
            ],
            "version": "==0.2.0"
        },
        "jedi": {
            "hashes": [
                "sha256:cd60c93b71944d628ccac47df9a60fec53150de53d42dc10a7fc4b5ba6aae798",
                "sha256:df40c97641cb943661d2db4c33c2e1ff75d491189423249e989bcea4464f3030"
            ],
            "version": "==0.17.0"
        },
        "jinja2": {
            "hashes": [
                "sha256:89aab215427ef59c34ad58735269eb58b1a5808103067f7bb9d5836c651b3bb0",
                "sha256:f0a4641d3cf955324a89c04f3d94663aa4d638abe8f733ecd3582848e1c37035"
            ],
            "version": "==2.11.2"
        },
        "json5": {
            "hashes": [
                "sha256:703cfee540790576b56a92e1c6aaa6c4b0d98971dc358ead83812aa4d06bdb96",
                "sha256:af1a1b9a2850c7f62c23fde18be4749b3599fd302f494eebf957e2ada6b9e42c"
            ],
            "version": "==0.9.5"
        },
        "jsonschema": {
            "hashes": [
                "sha256:4e5b3cf8216f577bee9ce139cbe72eca3ea4f292ec60928ff24758ce626cd163",
                "sha256:c8a85b28d377cc7737e46e2d9f2b4f44ee3c0e1deac6bf46ddefc7187d30797a"
            ],
            "version": "==3.2.0"
        },
        "jupyter-client": {
            "hashes": [
                "sha256:3a32fa4d0b16d1c626b30c3002a62dfd86d6863ed39eaba3f537fade197bb756",
                "sha256:cde8e83aab3ec1c614f221ae54713a9a46d3bf28292609d2db1b439bef5a8c8e"
            ],
            "version": "==6.1.3"
        },
        "jupyter-core": {
            "hashes": [
                "sha256:394fd5dd787e7c8861741880bdf8a00ce39f95de5d18e579c74b882522219e7e",
                "sha256:a4ee613c060fe5697d913416fc9d553599c05e4492d58fac1192c9a6844abb21"
            ],
            "version": "==4.6.3"
        },
        "jupyterlab": {
            "hashes": [
                "sha256:7b5bd4a05330a01c8522ee7f1cda5cb2e0d96412d9e1e879a19b3afb63d4ac69",
                "sha256:8eb5920f2ac1aaa98d5e24da6c5909e4ad91a2ee6712d756318572069f715b4d"
            ],
            "index": "pypi",
            "version": "==2.1.4"
        },
        "jupyterlab-server": {
            "hashes": [
                "sha256:3398e401b95da868bc96bdaa44fa61252bf3e68fc9dd1645bd93293cce095f6c",
                "sha256:ee62690778c90b07a62a9bc5e6f530eebe8cd7550a0ef0bd1363b1f2380e1797"
            ],
            "version": "==1.1.5"
        },
        "markupsafe": {
            "hashes": [
                "sha256:00bc623926325b26bb9605ae9eae8a215691f33cae5df11ca5424f06f2d1f473",
                "sha256:09027a7803a62ca78792ad89403b1b7a73a01c8cb65909cd876f7fcebd79b161",
                "sha256:09c4b7f37d6c648cb13f9230d847adf22f8171b1ccc4d5682398e77f40309235",
                "sha256:1027c282dad077d0bae18be6794e6b6b8c91d58ed8a8d89a89d59693b9131db5",
                "sha256:13d3144e1e340870b25e7b10b98d779608c02016d5184cfb9927a9f10c689f42",
                "sha256:24982cc2533820871eba85ba648cd53d8623687ff11cbb805be4ff7b4c971aff",
                "sha256:29872e92839765e546828bb7754a68c418d927cd064fd4708fab9fe9c8bb116b",
                "sha256:43a55c2930bbc139570ac2452adf3d70cdbb3cfe5912c71cdce1c2c6bbd9c5d1",
                "sha256:46c99d2de99945ec5cb54f23c8cd5689f6d7177305ebff350a58ce5f8de1669e",
                "sha256:500d4957e52ddc3351cabf489e79c91c17f6e0899158447047588650b5e69183",
                "sha256:535f6fc4d397c1563d08b88e485c3496cf5784e927af890fb3c3aac7f933ec66",
                "sha256:596510de112c685489095da617b5bcbbac7dd6384aeebeda4df6025d0256a81b",
                "sha256:62fe6c95e3ec8a7fad637b7f3d372c15ec1caa01ab47926cfdf7a75b40e0eac1",
                "sha256:6788b695d50a51edb699cb55e35487e430fa21f1ed838122d722e0ff0ac5ba15",
                "sha256:6dd73240d2af64df90aa7c4e7481e23825ea70af4b4922f8ede5b9e35f78a3b1",
                "sha256:717ba8fe3ae9cc0006d7c451f0bb265ee07739daf76355d06366154ee68d221e",
                "sha256:79855e1c5b8da654cf486b830bd42c06e8780cea587384cf6545b7d9ac013a0b",
                "sha256:7c1699dfe0cf8ff607dbdcc1e9b9af1755371f92a68f706051cc8c37d447c905",
                "sha256:88e5fcfb52ee7b911e8bb6d6aa2fd21fbecc674eadd44118a9cc3863f938e735",
                "sha256:8defac2f2ccd6805ebf65f5eeb132adcf2ab57aa11fdf4c0dd5169a004710e7d",
                "sha256:98c7086708b163d425c67c7a91bad6e466bb99d797aa64f965e9d25c12111a5e",
                "sha256:9add70b36c5666a2ed02b43b335fe19002ee5235efd4b8a89bfcf9005bebac0d",
                "sha256:9bf40443012702a1d2070043cb6291650a0841ece432556f784f004937f0f32c",
                "sha256:ade5e387d2ad0d7ebf59146cc00c8044acbd863725f887353a10df825fc8ae21",
                "sha256:b00c1de48212e4cc9603895652c5c410df699856a2853135b3967591e4beebc2",
                "sha256:b1282f8c00509d99fef04d8ba936b156d419be841854fe901d8ae224c59f0be5",
                "sha256:b2051432115498d3562c084a49bba65d97cf251f5a331c64a12ee7e04dacc51b",
                "sha256:ba59edeaa2fc6114428f1637ffff42da1e311e29382d81b339c1817d37ec93c6",
                "sha256:c8716a48d94b06bb3b2524c2b77e055fb313aeb4ea620c8dd03a105574ba704f",
                "sha256:cd5df75523866410809ca100dc9681e301e3c27567cf498077e8551b6d20e42f",
                "sha256:cdb132fc825c38e1aeec2c8aa9338310d29d337bebbd7baa06889d09a60a1fa2",
                "sha256:e249096428b3ae81b08327a63a485ad0878de3fb939049038579ac0ef61e17e7",
                "sha256:e8313f01ba26fbbe36c7be1966a7b7424942f670f38e666995b88d012765b9be"
            ],
            "version": "==1.1.1"
        },
        "mistune": {
            "hashes": [
                "sha256:59a3429db53c50b5c6bcc8a07f8848cb00d7dc8bdb431a4ab41920d201d4756e",
                "sha256:88a1051873018da288eee8538d476dffe1262495144b33ecb586c4ab266bb8d4"
            ],
            "version": "==0.8.4"
        },
        "nbconvert": {
            "hashes": [
                "sha256:21fb48e700b43e82ba0e3142421a659d7739b65568cc832a13976a77be16b523",
                "sha256:f0d6ec03875f96df45aa13e21fd9b8450c42d7e1830418cccc008c0df725fcee"
            ],
            "version": "==5.6.1"
        },
        "nbformat": {
            "hashes": [
                "sha256:049af048ed76b95c3c44043620c17e56bc001329e07f83fec4f177f0e3d7b757",
                "sha256:276343c78a9660ab2a63c28cc33da5f7c58c092b3f3a40b6017ae2ce6689320d"
            ],
            "version": "==5.0.6"
        },
        "notebook": {
            "hashes": [
                "sha256:3edc616c684214292994a3af05eaea4cc043f6b4247d830f3a2f209fa7639a80",
                "sha256:47a9092975c9e7965ada00b9a20f0cf637d001db60d241d479f53c0be117ad48"
            ],
            "version": "==6.0.3"
        },
        "packaging": {
            "hashes": [
                "sha256:4357f74f47b9c12db93624a82154e9b120fa8293699949152b22065d556079f8",
                "sha256:998416ba6962ae7fbd6596850b80e17859a5753ba17c32284f67bfff33784181"
            ],
            "version": "==20.4"
        },
        "pandocfilters": {
            "hashes": [
                "sha256:b3dd70e169bb5449e6bc6ff96aea89c5eea8c5f6ab5e207fc2f521a2cf4a0da9"
            ],
            "version": "==1.4.2"
        },
        "parso": {
            "hashes": [
                "sha256:158c140fc04112dc45bca311633ae5033c2c2a7b732fa33d0955bad8152a8dd0",
                "sha256:908e9fae2144a076d72ae4e25539143d40b8e3eafbaeae03c1bfe226f4cdf12c"
            ],
            "version": "==0.7.0"
        },
        "pexpect": {
            "hashes": [
                "sha256:0b48a55dcb3c05f3329815901ea4fc1537514d6ba867a152b581d69ae3710937",
                "sha256:fc65a43959d153d0114afe13997d439c22823a27cefceb5ff35c2178c6784c0c"
            ],
            "markers": "sys_platform != 'win32'",
            "version": "==4.8.0"
        },
        "pickleshare": {
            "hashes": [
                "sha256:87683d47965c1da65cdacaf31c8441d12b8044cdec9aca500cd78fc2c683afca",
                "sha256:9649af414d74d4df115d5d718f82acb59c9d418196b7b4290ed47a12ce62df56"
            ],
            "version": "==0.7.5"
        },
        "prometheus-client": {
            "hashes": [
                "sha256:983c7ac4b47478720db338f1491ef67a100b474e3bc7dafcbaefb7d0b8f9b01c",
                "sha256:c6e6b706833a6bd1fd51711299edee907857be10ece535126a158f911ee80915"
            ],
            "version": "==0.8.0"
        },
        "prompt-toolkit": {
            "hashes": [
                "sha256:563d1a4140b63ff9dd587bda9557cffb2fe73650205ab6f4383092fb882e7dc8",
                "sha256:df7e9e63aea609b1da3a65641ceaf5bc7d05e0a04de5bd45d05dbeffbabf9e04"
            ],
            "version": "==3.0.5"
        },
        "ptyprocess": {
            "hashes": [
                "sha256:923f299cc5ad920c68f2bc0bc98b75b9f838b93b599941a6b63ddbc2476394c0",
                "sha256:d7cc528d76e76342423ca640335bd3633420dc1366f258cb31d05e865ef5ca1f"
            ],
            "markers": "os_name != 'nt'",
            "version": "==0.6.0"
        },
        "pygments": {
            "hashes": [
                "sha256:647344a061c249a3b74e230c739f434d7ea4d8b1d5f3721bc0f3558049b38f44",
                "sha256:ff7a40b4860b727ab48fad6360eb351cc1b33cbf9b15a0f689ca5353e9463324"
            ],
            "version": "==2.6.1"
        },
        "pyparsing": {
            "hashes": [
                "sha256:c203ec8783bf771a155b207279b9bccb8dea02d8f0c9e5f8ead507bc3246ecc1",
                "sha256:ef9d7589ef3c200abe66653d3f1ab1033c3c419ae9b9bdb1240a85b024efc88b"
            ],
            "version": "==2.4.7"
        },
        "pyrsistent": {
            "hashes": [
                "sha256:28669905fe725965daa16184933676547c5bb40a5153055a8dee2a4bd7933ad3"
            ],
            "version": "==0.16.0"
        },
        "python-dateutil": {
            "hashes": [
                "sha256:73ebfe9dbf22e832286dafa60473e4cd239f8592f699aa5adaf10050e6e1823c",
                "sha256:75bb3f31ea686f1197762692a9ee6a7550b59fc6ca3a1f4b5d7e32fb98e2da2a"
            ],
            "version": "==2.8.1"
        },
        "pyzmq": {
            "hashes": [
                "sha256:07fb8fe6826a229dada876956590135871de60dbc7de5a18c3bcce2ed1f03c98",
                "sha256:13a5638ab24d628a6ade8f794195e1a1acd573496c3b85af2f1183603b7bf5e0",
                "sha256:15b4cb21118f4589c4db8be4ac12b21c8b4d0d42b3ee435d47f686c32fe2e91f",
                "sha256:21f7d91f3536f480cb2c10d0756bfa717927090b7fb863e6323f766e5461ee1c",
                "sha256:2a88b8fabd9cc35bd59194a7723f3122166811ece8b74018147a4ed8489e6421",
                "sha256:342fb8a1dddc569bc361387782e8088071593e7eaf3e3ecf7d6bd4976edff112",
                "sha256:4ee0bfd82077a3ff11c985369529b12853a4064320523f8e5079b630f9551448",
                "sha256:54aa24fd60c4262286fc64ca632f9e747c7cc3a3a1144827490e1dc9b8a3a960",
                "sha256:58688a2dfa044fad608a8e70ba8d019d0b872ec2acd75b7b5e37da8905605891",
                "sha256:5b99c2ae8089ef50223c28bac57510c163bfdff158c9e90764f812b94e69a0e6",
                "sha256:5b9d21fc56c8aacd2e6d14738021a9d64f3f69b30578a99325a728e38a349f85",
                "sha256:5f1f2eb22aab606f808163eb1d537ac9a0ba4283fbeb7a62eb48d9103cf015c2",
                "sha256:6ca519309703e95d55965735a667809bbb65f52beda2fdb6312385d3e7a6d234",
                "sha256:87c78f6936e2654397ca2979c1d323ee4a889eef536cc77a938c6b5be33351a7",
                "sha256:8952f6ba6ae598e792703f3134af5a01af8f5c7cf07e9a148f05a12b02412cea",
                "sha256:931339ac2000d12fe212e64f98ce291e81a7ec6c73b125f17cf08415b753c087",
                "sha256:956775444d01331c7eb412c5fb9bb62130dfaac77e09f32764ea1865234e2ca9",
                "sha256:97b6255ae77328d0e80593681826a0479cb7bac0ba8251b4dd882f5145a2293a",
                "sha256:aaa8b40b676576fd7806839a5de8e6d5d1b74981e6376d862af6c117af2a3c10",
                "sha256:af0c02cf49f4f9eedf38edb4f3b6bb621d83026e7e5d76eb5526cc5333782fd6",
                "sha256:b08780e3a55215873b3b8e6e7ca8987f14c902a24b6ac081b344fd430d6ca7cd",
                "sha256:ba6f24431b569aec674ede49cad197cad59571c12deed6ad8e3c596da8288217",
                "sha256:bafd651b557dd81d89bd5f9c678872f3e7b7255c1c751b78d520df2caac80230",
                "sha256:bfff5ffff051f5aa47ba3b379d87bd051c3196b0c8a603e8b7ed68a6b4f217ec",
                "sha256:cf5d689ba9513b9753959164cf500079383bc18859f58bf8ce06d8d4bef2b054",
                "sha256:dcbc3f30c11c60d709c30a213dc56e88ac016fe76ac6768e64717bd976072566",
                "sha256:f9d7e742fb0196992477415bb34366c12e9bb9a0699b8b3f221ff93b213d7bec",
                "sha256:faee2604f279d31312bc455f3d024f160b6168b9c1dde22bf62d8c88a4deca8e"
            ],
            "version": "==19.0.1"
        },
        "requests": {
            "hashes": [
                "sha256:43999036bfa82904b6af1d99e4882b560e5e2c68e5c4b0aa03b655f3d7d73fee",
                "sha256:b3f43d496c6daba4493e7c431722aeb7dbc6288f52a6e04e7b6023b0247817e6"
            ],
            "version": "==2.23.0"
        },
        "send2trash": {
            "hashes": [
                "sha256:60001cc07d707fe247c94f74ca6ac0d3255aabcb930529690897ca2a39db28b2",
                "sha256:f1691922577b6fa12821234aeb57599d887c4900b9ca537948d2dac34aea888b"
            ],
            "version": "==1.5.0"
        },
        "six": {
            "hashes": [
                "sha256:30639c035cdb23534cd4aa2dd52c3bf48f06e5f4a941509c8bafd8ce11080259",
                "sha256:8b74bedcbbbaca38ff6d7491d76f2b06b3592611af620f8426e82dddb04a5ced"
            ],
            "version": "==1.15.0"
        },
        "soupsieve": {
            "hashes": [
                "sha256:1634eea42ab371d3d346309b93df7870a88610f0725d47528be902a0d95ecc55",
                "sha256:a59dc181727e95d25f781f0eb4fd1825ff45590ec8ff49eadfd7f1a537cc0232"
            ],
            "version": "==2.0.1"
        },
        "terminado": {
            "hashes": [
                "sha256:4804a774f802306a7d9af7322193c5390f1da0abb429e082a10ef1d46e6fb2c2",
                "sha256:a43dcb3e353bc680dd0783b1d9c3fc28d529f190bc54ba9a229f72fe6e7a54d7"
            ],
            "version": "==0.8.3"
        },
        "testpath": {
            "hashes": [
                "sha256:60e0a3261c149755f4399a1fff7d37523179a70fdc3abdf78de9fc2604aeec7e",
                "sha256:bfcf9411ef4bf3db7579063e0546938b1edda3d69f4e1fb8756991f5951f85d4"
            ],
            "version": "==0.4.4"
        },
        "tornado": {
            "hashes": [
                "sha256:0fe2d45ba43b00a41cd73f8be321a44936dc1aba233dee979f17a042b83eb6dc",
                "sha256:22aed82c2ea340c3771e3babc5ef220272f6fd06b5108a53b4976d0d722bcd52",
                "sha256:2c027eb2a393d964b22b5c154d1a23a5f8727db6fda837118a776b29e2b8ebc6",
                "sha256:5217e601700f24e966ddab689f90b7ea4bd91ff3357c3600fa1045e26d68e55d",
                "sha256:5618f72e947533832cbc3dec54e1dffc1747a5cb17d1fd91577ed14fa0dc081b",
                "sha256:5f6a07e62e799be5d2330e68d808c8ac41d4a259b9cea61da4101b83cb5dc673",
                "sha256:c58d56003daf1b616336781b26d184023ea4af13ae143d9dda65e31e534940b9",
                "sha256:c952975c8ba74f546ae6de2e226ab3cc3cc11ae47baf607459a6728585bb542a",
                "sha256:c98232a3ac391f5faea6821b53db8db461157baa788f5d6222a193e9456e1740"
            ],
            "version": "==6.0.4"
        },
        "traitlets": {
            "hashes": [
                "sha256:70b4c6a1d9019d7b4f6846832288f86998aa3b9207c6821f3578a6a6a467fe44",
                "sha256:d023ee369ddd2763310e4c3eae1ff649689440d4ae59d7485eb4cfbbe3e359f7"
            ],
            "version": "==4.3.3"
        },
        "urllib3": {
            "hashes": [
                "sha256:3018294ebefce6572a474f0604c2021e33b3fd8006ecd11d62107a5d2a963527",
                "sha256:88206b0eb87e6d677d424843ac5209e3fb9d0190d0ee169599165ec25e9d9115"
            ],
            "version": "==1.25.9"
        },
        "wcwidth": {
            "hashes": [
                "sha256:79375666b9954d4a1a10739315816324c3e73110af9d0e102d906fdb0aec009f",
                "sha256:8c6b5b6ee1360b842645f336d9e5d68c55817c26d3050f46b235ef2bc650e48f"
            ],
            "version": "==0.2.4"
        },
        "webencodings": {
            "hashes": [
                "sha256:a0af1213f3c2226497a97e2b3aa01a7e4bee4f403f95be16fc9acd2947514a78",
                "sha256:b36a1c245f2d304965eb4e0a82848379241dc04b865afcc4aab16748587e1923"
            ],
            "version": "==0.5.1"
        }
    },
    "develop": {}
}
